
Microsoft Visual Studio Solution File, Format Version 12.00
# Visual Studio Version 17
VisualStudioVersion = 17.4.33213.308
MinimumVisualStudioVersion = 10.0.40219.1
Project("{FAE04EC0-301F-11D3-BF4B-00C04F79EFBC}") = "Biblioteca.Android", "Biblioteca\Biblioteca.Android\Biblioteca.Android.csproj", "{DFEDEA91-551D-4BC6-93C3-090EFC1C5F62}"
EndProject
Project("{FAE04EC0-301F-11D3-BF4B-00C04F79EFBC}") = "Biblioteca", "Biblioteca\Biblioteca\Biblioteca.csproj", "{439191FF-B8F1-405E-B308-552549A9BAE3}"
EndProject
Global
	GlobalSection(SolutionConfigurationPlatforms) = preSolution
		Debug|Any CPU = Debug|Any CPU
		Release|Any CPU = Release|Any CPU
	EndGlobalSection
	GlobalSection(ProjectConfigurationPlatforms) = postSolution
		{DFEDEA91-551D-4BC6-93C3-090EFC1C5F62}.Debug|Any CPU.ActiveCfg = Debug|Any CPU
		{DFEDEA91-551D-4BC6-93C3-090EFC1C5F62}.Debug|Any CPU.Build.0 = Debug|Any CPU
		{DFEDEA91-551D-4BC6-93C3-090EFC1C5F62}.Debug|Any CPU.Deploy.0 = Debug|Any CPU
		{DFEDEA91-551D-4BC6-93C3-090EFC1C5F62}.Release|Any CPU.ActiveCfg = Release|Any CPU
		{DFEDEA91-551D-4BC6-93C3-090EFC1C5F62}.Release|Any CPU.Build.0 = Release|Any CPU
		{DFEDEA91-551D-4BC6-93C3-090EFC1C5F62}.Release|Any CPU.Deploy.0 = Release|Any CPU
		{439191FF-B8F1-405E-B308-552549A9BAE3}.Debug|Any CPU.ActiveCfg = Debug|Any CPU
		{439191FF-B8F1-405E-B308-552549A9BAE3}.Debug|Any CPU.Build.0 = Debug|Any CPU
		{439191FF-B8F1-405E-B308-552549A9BAE3}.Debug|Any CPU.Deploy.0 = Debug|Any CPU
		{439191FF-B8F1-405E-B308-552549A9BAE3}.Release|Any CPU.ActiveCfg = Release|Any CPU
		{439191FF-B8F1-405E-B308-552549A9BAE3}.Release|Any CPU.Build.0 = Release|Any CPU
		{439191FF-B8F1-405E-B308-552549A9BAE3}.Release|Any CPU.Deploy.0 = Release|Any CPU
	EndGlobalSection
	GlobalSection(SolutionProperties) = preSolution
		HideSolutionNode = FALSE
	EndGlobalSection
	GlobalSection(ExtensibilityGlobals) = postSolution
		SolutionGuid = {049E56AE-E4D6-4743-B6A5-80A1AE0DE38F}
	EndGlobalSection
EndGlobal
